
Microsoft Visual Studio Solution File, Format Version 12.00
# Visual Studio Version 17
VisualStudioVersion = 17.3.32825.248
MinimumVisualStudioVersion = 10.0.40219.1
Project("{FAE04EC0-301F-11D3-BF4B-00C04F79EFBC}") = "MonoGame.Grid", "MonoGame.Grid\MonoGame.Grid.csproj", "{2650E3E8-95DF-4F78-9CD2-E12F406D7E50}"
EndProject
Project("{FAE04EC0-301F-11D3-BF4B-00C04F79EFBC}") = "MonoGame.Grid.Test", "MonoGame.Grid.Test\MonoGame.Grid.Test.csproj", "{18B98AF6-4148-4428-9C9E-24D3EC6B370F}"
EndProject
Global
	GlobalSection(SolutionConfigurationPlatforms) = preSolution
		Debug|Any CPU = Debug|Any CPU
		Release|Any CPU = Release|Any CPU
	EndGlobalSection
	GlobalSection(ProjectConfigurationPlatforms) = postSolution
		{2650E3E8-95DF-4F78-9CD2-E12F406D7E50}.Debug|Any CPU.ActiveCfg = Debug|Any CPU
		{2650E3E8-95DF-4F78-9CD2-E12F406D7E50}.Debug|Any CPU.Build.0 = Debug|Any CPU
		{2650E3E8-95DF-4F78-9CD2-E12F406D7E50}.Release|Any CPU.ActiveCfg = Release|Any CPU
		{2650E3E8-95DF-4F78-9CD2-E12F406D7E50}.Release|Any CPU.Build.0 = Release|Any CPU
		{18B98AF6-4148-4428-9C9E-24D3EC6B370F}.Debug|Any CPU.ActiveCfg = Debug|Any CPU
		{18B98AF6-4148-4428-9C9E-24D3EC6B370F}.Debug|Any CPU.Build.0 = Debug|Any CPU
		{18B98AF6-4148-4428-9C9E-24D3EC6B370F}.Release|Any CPU.ActiveCfg = Release|Any CPU
		{18B98AF6-4148-4428-9C9E-24D3EC6B370F}.Release|Any CPU.Build.0 = Release|Any CPU
	EndGlobalSection
	GlobalSection(SolutionProperties) = preSolution
		HideSolutionNode = FALSE
	EndGlobalSection
	GlobalSection(ExtensibilityGlobals) = postSolution
		SolutionGuid = {ADD6BB82-5A5E-44F1-A815-402D7838305B}
	EndGlobalSection
EndGlobal
